github.com/alexbrainman/sspi v0.0.0-20180613141037-e580b900e9f5 h1:P5U+E4x5OkVEKQDklVPmzs71WM56RTTRqV4OrDC//Y4=
github.com/alexbrainman/sspi v0.0.0-20180613141037-e580b900e9f5/go.mod h1:976q2ETgjT2snVCf2ZaBnyBbVoPERGjUz+0sofzEfro=
github.com/bdwyertech/goproxy v0.0.0-20191108055622-a50ae93d7e49 h1:5ZQp3PWgEZfr6ZQUXZ5a7FN+Xtl6YmVAkbBEhIZzUKM=
github.com/bdwyertech/goproxy v0.0.0-20191108055622-a50ae93d7e49/go.mod h1:Ro8st/ElPeALwNFlcTpWmkr6IoMFfkjXAvTHpevnDsM=
github.com/bhendo/concord v0.0.0-20180530163943-7f15987d4520 h1:n4NdU6snY/KrOQ9O2czyAuwRD6TUzUOIYZIG+ftEs4g=
github.com/bhendo/concord v0.0.0-20180530163943-7f15987d4520/go.mod h1:GNf3/5IyUGgjg6NdDGajgwhYj/QbJaBpVoBqoP4V7DI=
github.com/elazarl/goproxy/ext v0.0.0-20190711103511-473e67f1d7d2 h1:dWB6v3RcOy03t/bUadywsbyrQwCqZeNIEX6M1OtSZOM=
github.com/elazarl/goproxy/ext v0.0.0-20190711103511-473e67f1d7d2/go.mod h1:gNh8nYJoAm43RfaxurUnxr+N1PwuFV3ZMl/efxlIlY8=
github.com/rogpeppe/go-charset v0.0.0-20180617210344-2471d30d28b4/go.mod h1:qgYeAmZ5ZIpBWTGllZSQnw97Dj+woV0toclVaRGI8pc=
golang.org/x/sys v0.0.0-20191105231009-c1f44814a5cd h1:3x5uuvBgE6oaXJjCOvpCC1IpgJogqQ+PqGGU3ZxAgII=
golang.org/x/sys v0.0.0-20191105231009-c1f44814a5cd/go.mod h1:h1NjWce9XRLGQEsW7wpKNCjG9DtNlClVuFLEZdDNbEs=
